
Microsoft Visual Studio Solution File, Format Version 12.00
# Visual Studio Version 16
VisualStudioVersion = 16.0.30204.135
MinimumVisualStudioVersion = 10.0.40219.1
Project("{FAE04EC0-301F-11D3-BF4B-00C04F79EFBC}") = "GraphQlWithHotChocolate", "GraphQlWithHotChocolate.csproj", "{68F80070-56CB-4DD2-BC18-B7C40F869C71}"
EndProject
Global
	GlobalSection(SolutionConfigurationPlatforms) = preSolution
		Debug|Any CPU = Debug|Any CPU
		Release|Any CPU = Release|Any CPU
	EndGlobalSection
	GlobalSection(ProjectConfigurationPlatforms) = postSolution
		{68F80070-56CB-4DD2-BC18-B7C40F869C71}.Debug|Any CPU.ActiveCfg = Debug|Any CPU
		{68F80070-56CB-4DD2-BC18-B7C40F869C71}.Debug|Any CPU.Build.0 = Debug|Any CPU
		{68F80070-56CB-4DD2-BC18-B7C40F869C71}.Release|Any CPU.ActiveCfg = Release|Any CPU
		{68F80070-56CB-4DD2-BC18-B7C40F869C71}.Release|Any CPU.Build.0 = Release|Any CPU
	EndGlobalSection
	GlobalSection(SolutionProperties) = preSolution
		HideSolutionNode = FALSE
	EndGlobalSection
	GlobalSection(ExtensibilityGlobals) = postSolution
		SolutionGuid = {01A5BBB1-8A01-4D03-88AA-4719A43B622D}
	EndGlobalSection
EndGlobal
